// !$*UTF8*$!
{
	archiveVersion = 1;
	classes = {
	};
	objectVersion = 52;
	objects = {

/* Begin PBXBuildFile section */
		1B43229A24669499000124F4 /* AppDelegate.swift in Sources */ = {isa = PBXBuildFile; fileRef = 1B43229924669499000124F4 /* AppDelegate.swift */; };
		1B43229C24669499000124F4 /* SceneDelegate.swift in Sources */ = {isa = PBXBuildFile; fileRef = 1B43229B24669499000124F4 /* SceneDelegate.swift */; };
		1B4322A024669499000124F4 /* Assets.xcassets in Resources */ = {isa = PBXBuildFile; fileRef = 1B43229F24669499000124F4 /* Assets.xcassets */; };
		1B4322A324669499000124F4 /* Preview Assets.xcassets in Resources */ = {isa = PBXBuildFile; fileRef = 1B4322A224669499000124F4 /* Preview Assets.xcassets */; };
		1B4322A624669499000124F4 /* LaunchScreen.storyboard in Resources */ = {isa = PBXBuildFile; fileRef = 1B4322A424669499000124F4 /* LaunchScreen.storyboard */; };
		1B4322B124669499000124F4 /* MakaseteChoice_iOSTests.swift in Sources */ = {isa = PBXBuildFile; fileRef = 1B4322B024669499000124F4 /* MakaseteChoice_iOSTests.swift */; };
		1B4322BC24669499000124F4 /* MakaseteChoice_iOSUITests.swift in Sources */ = {isa = PBXBuildFile; fileRef = 1B4322BB24669499000124F4 /* MakaseteChoice_iOSUITests.swift */; };
		1B4322D72466AE8B000124F4 /* ContentView.swift in Sources */ = {isa = PBXBuildFile; fileRef = 1B4322D62466AE8A000124F4 /* ContentView.swift */; };
		1B4322DB2466AEC3000124F4 /* AppState.swift in Sources */ = {isa = PBXBuildFile; fileRef = 1B4322DA2466AEC3000124F4 /* AppState.swift */; };
		1B4322DD2466AF8F000124F4 /* MemberInputView.swift in Sources */ = {isa = PBXBuildFile; fileRef = 1B4322DC2466AF8F000124F4 /* MemberInputView.swift */; };
		1B4322DF2466AFC7000124F4 /* ShuffleOptionView.swift in Sources */ = {isa = PBXBuildFile; fileRef = 1B4322DE2466AFC7000124F4 /* ShuffleOptionView.swift */; };
		1B4322E12466AFDF000124F4 /* ShuffleResultView.swift in Sources */ = {isa = PBXBuildFile; fileRef = 1B4322E02466AFDF000124F4 /* ShuffleResultView.swift */; };
		1B4322E42466C45B000124F4 /* QGrid in Frameworks */ = {isa = PBXBuildFile; productRef = 1B4322E32466C45B000124F4 /* QGrid */; };
		1B4322E62466DAEB000124F4 /* DecisionButton.swift in Sources */ = {isa = PBXBuildFile; fileRef = 1B4322E52466DAEB000124F4 /* DecisionButton.swift */; };
		1B4322F024680766000124F4 /* CredentialView.swift in Sources */ = {isa = PBXBuildFile; fileRef = 1B4322EF24680766000124F4 /* CredentialView.swift */; };
		1B4322F3246985AB000124F4 /* KeyboardObserving in Frameworks */ = {isa = PBXBuildFile; productRef = 1B4322F2246985AB000124F4 /* KeyboardObserving */; };
		1BD2780C2519CCE100A1DAEE /* ShuffleActionButton.swift in Sources */ = {isa = PBXBuildFile; fileRef = 1BD2780B2519CCE100A1DAEE /* ShuffleActionButton.swift */; };
		1BD2780E2519F80000A1DAEE /* ResultMemberCell.swift in Sources */ = {isa = PBXBuildFile; fileRef = 1BD2780D2519F80000A1DAEE /* ResultMemberCell.swift */; };
		1BD278102519FACE00A1DAEE /* NoMemberViewComponent.swift in Sources */ = {isa = PBXBuildFile; fileRef = 1BD2780F2519FACE00A1DAEE /* NoMemberViewComponent.swift */; };
		1BD278122519FADA00A1DAEE /* NoGroupViewComponent.swift in Sources */ = {isa = PBXBuildFile; fileRef = 1BD278112519FADA00A1DAEE /* NoGroupViewComponent.swift */; };
/* End PBXBuildFile section */

/* Begin PBXContainerItemProxy section */
		1B4322AD24669499000124F4 /* PBXContainerItemProxy */ = {
			isa = PBXContainerItemProxy;
			containerPortal = 1B43228E24669499000124F4 /* Project object */;
			proxyType = 1;
			remoteGlobalIDString = 1B43229524669499000124F4;
			remoteInfo = MakaseteChoice_iOS;
		};
		1B4322B824669499000124F4 /* PBXContainerItemProxy */ = {
			isa = PBXContainerItemProxy;
			containerPortal = 1B43228E24669499000124F4 /* Project object */;
			proxyType = 1;
			remoteGlobalIDString = 1B43229524669499000124F4;
			remoteInfo = MakaseteChoice_iOS;
		};
/* End PBXContainerItemProxy section */

/* Begin PBXCopyFilesBuildPhase section */
		1B4322CE2466AB7F000124F4 /* Embed Frameworks */ = {
			isa = PBXCopyFilesBuildPhase;
			buildActionMask = 2147483647;
			dstPath = "";
			dstSubfolderSpec = 10;
			files = (
			);
			name = "Embed Frameworks";
			runOnlyForDeploymentPostprocessing = 0;
		};
/* End PBXCopyFilesBuildPhase section */

/* Begin PBXFileReference section */
		1B43229624669499000124F4 /* MakaseteChoice_iOS.app */ = {isa = PBXFileReference; explicitFileType = wrapper.application; includeInIndex = 0; path = MakaseteChoice_iOS.app; sourceTree = BUILT_PRODUCTS_DIR; };
		1B43229924669499000124F4 /* AppDelegate.swift */ = {isa = PBXFileReference; lastKnownFileType = sourcecode.swift; path = AppDelegate.swift; sourceTree = "<group>"; };
		1B43229B24669499000124F4 /* SceneDelegate.swift */ = {isa = PBXFileReference; lastKnownFileType = sourcecode.swift; path = SceneDelegate.swift; sourceTree = "<group>"; };
		1B43229F24669499000124F4 /* Assets.xcassets */ = {isa = PBXFileReference; lastKnownFileType = folder.assetcatalog; path = Assets.xcassets; sourceTree = "<group>"; };
		1B4322A224669499000124F4 /* Preview Assets.xcassets */ = {isa = PBXFileReference; lastKnownFileType = folder.assetcatalog; path = "Preview Assets.xcassets"; sourceTree = "<group>"; };
		1B4322A524669499000124F4 /* Base */ = {isa = PBXFileReference; lastKnownFileType = file.storyboard; name = Base; path = Base.lproj/LaunchScreen.storyboard; sourceTree = "<group>"; };
		1B4322A724669499000124F4 /* Info.plist */ = {isa = PBXFileReference; lastKnownFileType = text.plist.xml; path = Info.plist; sourceTree = "<group>"; };
		1B4322AC24669499000124F4 /* MakaseteChoice_iOSTests.xctest */ = {isa = PBXFileReference; explicitFileType = wrapper.cfbundle; includeInIndex = 0; path = MakaseteChoice_iOSTests.xctest; sourceTree = BUILT_PRODUCTS_DIR; };
		1B4322B024669499000124F4 /* MakaseteChoice_iOSTests.swift */ = {isa = PBXFileReference; lastKnownFileType = sourcecode.swift; path = MakaseteChoice_iOSTests.swift; sourceTree = "<group>"; };
		1B4322B224669499000124F4 /* Info.plist */ = {isa = PBXFileReference; lastKnownFileType = text.plist.xml; path = Info.plist; sourceTree = "<group>"; };
		1B4322B724669499000124F4 /* MakaseteChoice_iOSUITests.xctest */ = {isa = PBXFileReference; explicitFileType = wrapper.cfbundle; includeInIndex = 0; path = MakaseteChoice_iOSUITests.xctest; sourceTree = BUILT_PRODUCTS_DIR; };
		1B4322BB24669499000124F4 /* MakaseteChoice_iOSUITests.swift */ = {isa = PBXFileReference; lastKnownFileType = sourcecode.swift; path = MakaseteChoice_iOSUITests.swift; sourceTree = "<group>"; };
		1B4322BD24669499000124F4 /* Info.plist */ = {isa = PBXFileReference; lastKnownFileType = text.plist.xml; path = Info.plist; sourceTree = "<group>"; };
		1B4322CB2466AB7F000124F4 /* Realm.framework */ = {isa = PBXFileReference; lastKnownFileType = wrapper.framework; name = Realm.framework; path = Carthage/Build/iOS/Realm.framework; sourceTree = "<group>"; };
		1B4322CF2466AB8D000124F4 /* RealmSwift.framework */ = {isa = PBXFileReference; lastKnownFileType = wrapper.framework; name = RealmSwift.framework; path = Carthage/Build/iOS/RealmSwift.framework; sourceTree = "<group>"; };
		1B4322D62466AE8A000124F4 /* ContentView.swift */ = {isa = PBXFileReference; fileEncoding = 4; lastKnownFileType = sourcecode.swift; path = ContentView.swift; sourceTree = "<group>"; };
		1B4322DA2466AEC3000124F4 /* AppState.swift */ = {isa = PBXFileReference; lastKnownFileType = sourcecode.swift; path = AppState.swift; sourceTree = "<group>"; };
		1B4322DC2466AF8F000124F4 /* MemberInputView.swift */ = {isa = PBXFileReference; lastKnownFileType = sourcecode.swift; path = MemberInputView.swift; sourceTree = "<group>"; };
		1B4322DE2466AFC7000124F4 /* ShuffleOptionView.swift */ = {isa = PBXFileReference; lastKnownFileType = sourcecode.swift; path = ShuffleOptionView.swift; sourceTree = "<group>"; };
		1B4322E02466AFDF000124F4 /* ShuffleResultView.swift */ = {isa = PBXFileReference; lastKnownFileType = sourcecode.swift; path = ShuffleResultView.swift; sourceTree = "<group>"; };
		1B4322E52466DAEB000124F4 /* DecisionButton.swift */ = {isa = PBXFileReference; lastKnownFileType = sourcecode.swift; path = DecisionButton.swift; sourceTree = "<group>"; };
		1B4322EF24680766000124F4 /* CredentialView.swift */ = {isa = PBXFileReference; lastKnownFileType = sourcecode.swift; path = CredentialView.swift; sourceTree = "<group>"; };
		1BD2780B2519CCE100A1DAEE /* ShuffleActionButton.swift */ = {isa = PBXFileReference; lastKnownFileType = sourcecode.swift; path = ShuffleActionButton.swift; sourceTree = "<group>"; };
		1BD2780D2519F80000A1DAEE /* ResultMemberCell.swift */ = {isa = PBXFileReference; lastKnownFileType = sourcecode.swift; path = ResultMemberCell.swift; sourceTree = "<group>"; };
		1BD2780F2519FACE00A1DAEE /* NoMemberViewComponent.swift */ = {isa = PBXFileReference; lastKnownFileType = sourcecode.swift; path = NoMemberViewComponent.swift; sourceTree = "<group>"; };
		1BD278112519FADA00A1DAEE /* NoGroupViewComponent.swift */ = {isa = PBXFileReference; lastKnownFileType = sourcecode.swift; path = NoGroupViewComponent.swift; sourceTree = "<group>"; };
/* End PBXFileReference section */

/* Begin PBXFrameworksBuildPhase section */
		1B43229324669499000124F4 /* Frameworks */ = {
			isa = PBXFrameworksBuildPhase;
			buildActionMask = 2147483647;
			files = (
				1B4322E42466C45B000124F4 /* QGrid in Frameworks */,
				1B4322F3246985AB000124F4 /* KeyboardObserving in Frameworks */,
			);
			runOnlyForDeploymentPostprocessing = 0;
		};
		1B4322A924669499000124F4 /* Frameworks */ = {
			isa = PBXFrameworksBuildPhase;
			buildActionMask = 2147483647;
			files = (
			);
			runOnlyForDeploymentPostprocessing = 0;
		};
		1B4322B424669499000124F4 /* Frameworks */ = {
			isa = PBXFrameworksBuildPhase;
			buildActionMask = 2147483647;
			files = (
			);
			runOnlyForDeploymentPostprocessing = 0;
		};
/* End PBXFrameworksBuildPhase section */

/* Begin PBXGroup section */
		1B43228D24669499000124F4 = {
			isa = PBXGroup;
			children = (
				1B43229824669499000124F4 /* MakaseteChoice_iOS */,
				1B4322AF24669499000124F4 /* MakaseteChoice_iOSTests */,
				1B4322BA24669499000124F4 /* MakaseteChoice_iOSUITests */,
				1B43229724669499000124F4 /* Products */,
				1B4322CA2466AB7F000124F4 /* Frameworks */,
			);
			sourceTree = "<group>";
		};
		1B43229724669499000124F4 /* Products */ = {
			isa = PBXGroup;
			children = (
				1B43229624669499000124F4 /* MakaseteChoice_iOS.app */,
				1B4322AC24669499000124F4 /* MakaseteChoice_iOSTests.xctest */,
				1B4322B724669499000124F4 /* MakaseteChoice_iOSUITests.xctest */,
			);
			name = Products;
			sourceTree = "<group>";
		};
		1B43229824669499000124F4 /* MakaseteChoice_iOS */ = {
			isa = PBXGroup;
			children = (
				1B4322D22466AE7E000124F4 /* AppState */,
				1B4322D32466AE8A000124F4 /* UI */,
				1B4322D92466AE99000124F4 /* Interactor */,
				1B4322D82466AE93000124F4 /* Repository */,
				1B43229924669499000124F4 /* AppDelegate.swift */,
				1B43229B24669499000124F4 /* SceneDelegate.swift */,
				1B43229F24669499000124F4 /* Assets.xcassets */,
				1B4322A424669499000124F4 /* LaunchScreen.storyboard */,
				1B4322A724669499000124F4 /* Info.plist */,
				1B4322A124669499000124F4 /* Preview Content */,
			);
			path = MakaseteChoice_iOS;
			sourceTree = "<group>";
		};
		1B4322A124669499000124F4 /* Preview Content */ = {
			isa = PBXGroup;
			children = (
				1B4322A224669499000124F4 /* Preview Assets.xcassets */,
			);
			path = "Preview Content";
			sourceTree = "<group>";
		};
		1B4322AF24669499000124F4 /* MakaseteChoice_iOSTests */ = {
			isa = PBXGroup;
			children = (
				1B4322B024669499000124F4 /* MakaseteChoice_iOSTests.swift */,
				1B4322B224669499000124F4 /* Info.plist */,
			);
			path = MakaseteChoice_iOSTests;
			sourceTree = "<group>";
		};
		1B4322BA24669499000124F4 /* MakaseteChoice_iOSUITests */ = {
			isa = PBXGroup;
			children = (
				1B4322BB24669499000124F4 /* MakaseteChoice_iOSUITests.swift */,
				1B4322BD24669499000124F4 /* Info.plist */,
			);
			path = MakaseteChoice_iOSUITests;
			sourceTree = "<group>";
		};
		1B4322CA2466AB7F000124F4 /* Frameworks */ = {
			isa = PBXGroup;
			children = (
				1B4322CF2466AB8D000124F4 /* RealmSwift.framework */,
				1B4322CB2466AB7F000124F4 /* Realm.framework */,
			);
			name = Frameworks;
			sourceTree = "<group>";
		};
		1B4322D22466AE7E000124F4 /* AppState */ = {
			isa = PBXGroup;
			children = (
				1B4322DA2466AEC3000124F4 /* AppState.swift */,
			);
			path = AppState;
			sourceTree = "<group>";
		};
		1B4322D32466AE8A000124F4 /* UI */ = {
			isa = PBXGroup;
			children = (
				1B4322D42466AE8A000124F4 /* Component */,
				1B4322D52466AE8A000124F4 /* Sceen */,
			);
			path = UI;
			sourceTree = "<group>";
		};
		1B4322D42466AE8A000124F4 /* Component */ = {
			isa = PBXGroup;
			children = (
				1B4322E52466DAEB000124F4 /* DecisionButton.swift */,
				1BD2780B2519CCE100A1DAEE /* ShuffleActionButton.swift */,
				1BD2780D2519F80000A1DAEE /* ResultMemberCell.swift */,
				1BD2780F2519FACE00A1DAEE /* NoMemberViewComponent.swift */,
				1BD278112519FADA00A1DAEE /* NoGroupViewComponent.swift */,
			);
			path = Component;
			sourceTree = "<group>";
		};
		1B4322D52466AE8A000124F4 /* Sceen */ = {
			isa = PBXGroup;
			children = (
				1B4322D62466AE8A000124F4 /* ContentView.swift */,
				1B4322DC2466AF8F000124F4 /* MemberInputView.swift */,
				1B4322DE2466AFC7000124F4 /* ShuffleOptionView.swift */,
				1B4322E02466AFDF000124F4 /* ShuffleResultView.swift */,
				1B4322EF24680766000124F4 /* CredentialView.swift */,
			);
			path = Sceen;
			sourceTree = "<group>";
		};
		1B4322D82466AE93000124F4 /* Repository */ = {
			isa = PBXGroup;
			children = (
			);
			path = Repository;
			sourceTree = "<group>";
		};
		1B4322D92466AE99000124F4 /* Interactor */ = {
			isa = PBXGroup;
			children = (
			);
			path = Interactor;
			sourceTree = "<group>";
		};
/* End PBXGroup section */

/* Begin PBXNativeTarget section */
		1B43229524669499000124F4 /* MakaseteChoice_iOS */ = {
			isa = PBXNativeTarget;
			buildConfigurationList = 1B4322C024669499000124F4 /* Build configuration list for PBXNativeTarget "MakaseteChoice_iOS" */;
			buildPhases = (
				1B43229224669499000124F4 /* Sources */,
				1B43229324669499000124F4 /* Frameworks */,
				1B43229424669499000124F4 /* Resources */,
				1B4322CE2466AB7F000124F4 /* Embed Frameworks */,
			);
			buildRules = (
			);
			dependencies = (
			);
			name = MakaseteChoice_iOS;
			packageProductDependencies = (
				1B4322E32466C45B000124F4 /* QGrid */,
				1B4322F2246985AB000124F4 /* KeyboardObserving */,
			);
			productName = MakaseteChoice_iOS;
			productReference = 1B43229624669499000124F4 /* MakaseteChoice_iOS.app */;
			productType = "com.apple.product-type.application";
		};
		1B4322AB24669499000124F4 /* MakaseteChoice_iOSTests */ = {
			isa = PBXNativeTarget;
			buildConfigurationList = 1B4322C324669499000124F4 /* Build configuration list for PBXNativeTarget "MakaseteChoice_iOSTests" */;
			buildPhases = (
				1B4322A824669499000124F4 /* Sources */,
				1B4322A924669499000124F4 /* Frameworks */,
				1B4322AA24669499000124F4 /* Resources */,
			);
			buildRules = (
			);
			dependencies = (
				1B4322AE24669499000124F4 /* PBXTargetDependency */,
			);
			name = MakaseteChoice_iOSTests;
			productName = MakaseteChoice_iOSTests;
			productReference = 1B4322AC24669499000124F4 /* MakaseteChoice_iOSTests.xctest */;
			productType = "com.apple.product-type.bundle.unit-test";
		};
		1B4322B624669499000124F4 /* MakaseteChoice_iOSUITests */ = {
			isa = PBXNativeTarget;
			buildConfigurationList = 1B4322C624669499000124F4 /* Build configuration list for PBXNativeTarget "MakaseteChoice_iOSUITests" */;
			buildPhases = (
				1B4322B324669499000124F4 /* Sources */,
				1B4322B424669499000124F4 /* Frameworks */,
				1B4322B524669499000124F4 /* Resources */,
			);
			buildRules = (
			);
			dependencies = (
				1B4322B924669499000124F4 /* PBXTargetDependency */,
			);
			name = MakaseteChoice_iOSUITests;
			productName = MakaseteChoice_iOSUITests;
			productReference = 1B4322B724669499000124F4 /* MakaseteChoice_iOSUITests.xctest */;
			productType = "com.apple.product-type.bundle.ui-testing";
		};
/* End PBXNativeTarget section */

/* Begin PBXProject section */
		1B43228E24669499000124F4 /* Project object */ = {
			isa = PBXProject;
			attributes = {
				LastSwiftUpdateCheck = 1140;
				LastUpgradeCheck = 1140;
				ORGANIZATIONNAME = "Ryusei Nomi";
				TargetAttributes = {
					1B43229524669499000124F4 = {
						CreatedOnToolsVersion = 11.4.1;
					};
					1B4322AB24669499000124F4 = {
						CreatedOnToolsVersion = 11.4.1;
						TestTargetID = 1B43229524669499000124F4;
					};
					1B4322B624669499000124F4 = {
						CreatedOnToolsVersion = 11.4.1;
						TestTargetID = 1B43229524669499000124F4;
					};
				};
			};
			buildConfigurationList = 1B43229124669499000124F4 /* Build configuration list for PBXProject "MakaseteChoice_iOS" */;
			compatibilityVersion = "Xcode 9.3";
			developmentRegion = en;
			hasScannedForEncodings = 0;
			knownRegions = (
				en,
				Base,
			);
			mainGroup = 1B43228D24669499000124F4;
			packageReferences = (
				1B4322E22466C45B000124F4 /* XCRemoteSwiftPackageReference "QGrid" */,
				1B4322F1246985AB000124F4 /* XCRemoteSwiftPackageReference "KeyboardObserving" */,
			);
			productRefGroup = 1B43229724669499000124F4 /* Products */;
			projectDirPath = "";
			projectRoot = "";
			targets = (
				1B43229524669499000124F4 /* MakaseteChoice_iOS */,
				1B4322AB24669499000124F4 /* MakaseteChoice_iOSTests */,
				1B4322B624669499000124F4 /* MakaseteChoice_iOSUITests */,
			);
		};
/* End PBXProject section */

/* Begin PBXResourcesBuildPhase section */
		1B43229424669499000124F4 /* Resources */ = {
			isa = PBXResourcesBuildPhase;
			buildActionMask = 2147483647;
			files = (
				1B4322A624669499000124F4 /* LaunchScreen.storyboard in Resources */,
				1B4322A324669499000124F4 /* Preview Assets.xcassets in Resources */,
				1B4322A024669499000124F4 /* Assets.xcassets in Resources */,
			);
			runOnlyForDeploymentPostprocessing = 0;
		};
		1B4322AA24669499000124F4 /* Resources */ = {
			isa = PBXResourcesBuildPhase;
			buildActionMask = 2147483647;
			files = (
			);
			runOnlyForDeploymentPostprocessing = 0;
		};
		1B4322B524669499000124F4 /* Resources */ = {
			isa = PBXResourcesBuildPhase;
			buildActionMask = 2147483647;
			files = (
			);
			runOnlyForDeploymentPostprocessing = 0;
		};
/* End PBXResourcesBuildPhase section */

/* Begin PBXSourcesBuildPhase section */
		1B43229224669499000124F4 /* Sources */ = {
			isa = PBXSourcesBuildPhase;
			buildActionMask = 2147483647;
			files = (
				1B43229A24669499000124F4 /* AppDelegate.swift in Sources */,
				1B4322E62466DAEB000124F4 /* DecisionButton.swift in Sources */,
				1B4322F024680766000124F4 /* CredentialView.swift in Sources */,
				1B4322DF2466AFC7000124F4 /* ShuffleOptionView.swift in Sources */,
				1B4322DD2466AF8F000124F4 /* MemberInputView.swift in Sources */,
				1BD278102519FACE00A1DAEE /* NoMemberViewComponent.swift in Sources */,
				1B43229C24669499000124F4 /* SceneDelegate.swift in Sources */,
				1B4322D72466AE8B000124F4 /* ContentView.swift in Sources */,
				1BD2780E2519F80000A1DAEE /* ResultMemberCell.swift in Sources */,
				1BD2780C2519CCE100A1DAEE /* ShuffleActionButton.swift in Sources */,
				1BD278122519FADA00A1DAEE /* NoGroupViewComponent.swift in Sources */,
				1B4322E12466AFDF000124F4 /* ShuffleResultView.swift in Sources */,
				1B4322DB2466AEC3000124F4 /* AppState.swift in Sources */,
			);
			runOnlyForDeploymentPostprocessing = 0;
		};
		1B4322A824669499000124F4 /* Sources */ = {
			isa = PBXSourcesBuildPhase;
			buildActionMask = 2147483647;
			files = (
				1B4322B124669499000124F4 /* MakaseteChoice_iOSTests.swift in Sources */,
			);
			runOnlyForDeploymentPostprocessing = 0;
		};
		1B4322B324669499000124F4 /* Sources */ = {
			isa = PBXSourcesBuildPhase;
			buildActionMask = 2147483647;
			files = (
				1B4322BC24669499000124F4 /* MakaseteChoice_iOSUITests.swift in Sources */,
			);
			runOnlyForDeploymentPostprocessing = 0;
		};
/* End PBXSourcesBuildPhase section */

/* Begin PBXTargetDependency section */
		1B4322AE24669499000124F4 /* PBXTargetDependency */ = {
			isa = PBXTargetDependency;
			target = 1B43229524669499000124F4 /* MakaseteChoice_iOS */;
			targetProxy = 1B4322AD24669499000124F4 /* PBXContainerItemProxy */;
		};
		1B4322B924669499000124F4 /* PBXTargetDependency */ = {
			isa = PBXTargetDependency;
			target = 1B43229524669499000124F4 /* MakaseteChoice_iOS */;
			targetProxy = 1B4322B824669499000124F4 /* PBXContainerItemProxy */;
		};
/* End PBXTargetDependency section */

/* Begin PBXVariantGroup section */
		1B4322A424669499000124F4 /* LaunchScreen.storyboard */ = {
			isa = PBXVariantGroup;
			children = (
				1B4322A524669499000124F4 /* Base */,
			);
			name = LaunchScreen.storyboard;
			sourceTree = "<group>";
		};
/* End PBXVariantGroup section */

/* Begin XCBuildConfiguration section */
		1B4322BE24669499000124F4 /* Debug */ = {
			isa = XCBuildConfiguration;
			buildSettings = {
				ALWAYS_SEARCH_USER_PATHS = NO;
				CLANG_ANALYZER_NONNULL = YES;
				CLANG_ANALYZER_NUMBER_OBJECT_CONVERSION = YES_AGGRESSIVE;
				CLANG_CXX_LANGUAGE_STANDARD = "gnu++14";
				CLANG_CXX_LIBRARY = "libc++";
				CLANG_ENABLE_MODULES = YES;
				CLANG_ENABLE_OBJC_ARC = YES;
				CLANG_ENABLE_OBJC_WEAK = YES;
				CLANG_WARN_BLOCK_CAPTURE_AUTORELEASING = YES;
				CLANG_WARN_BOOL_CONVERSION = YES;
				CLANG_WARN_COMMA = YES;
				CLANG_WARN_CONSTANT_CONVERSION = YES;
				CLANG_WARN_DEPRECATED_OBJC_IMPLEMENTATIONS = YES;
				CLANG_WARN_DIRECT_OBJC_ISA_USAGE = YES_ERROR;
				CLANG_WARN_DOCUMENTATION_COMMENTS = YES;
				CLANG_WARN_EMPTY_BODY = YES;
				CLANG_WARN_ENUM_CONVERSION = YES;
				CLANG_WARN_INFINITE_RECURSION = YES;
				CLANG_WARN_INT_CONVERSION = YES;
				CLANG_WARN_NON_LITERAL_NULL_CONVERSION = YES;
				CLANG_WARN_OBJC_IMPLICIT_RETAIN_SELF = YES;
				CLANG_WARN_OBJC_LITERAL_CONVERSION = YES;
				CLANG_WARN_OBJC_ROOT_CLASS = YES_ERROR;
				CLANG_WARN_RANGE_LOOP_ANALYSIS = YES;
				CLANG_WARN_STRICT_PROTOTYPES = YES;
				CLANG_WARN_SUSPICIOUS_MOVE = YES;
				CLANG_WARN_UNGUARDED_AVAILABILITY = YES_AGGRESSIVE;
				CLANG_WARN_UNREACHABLE_CODE = YES;
				CLANG_WARN__DUPLICATE_METHOD_MATCH = YES;
				COPY_PHASE_STRIP = NO;
				DEBUG_INFORMATION_FORMAT = dwarf;
				ENABLE_STRICT_OBJC_MSGSEND = YES;
				ENABLE_TESTABILITY = YES;
				GCC_C_LANGUAGE_STANDARD = gnu11;
				GCC_DYNAMIC_NO_PIC = NO;
				GCC_NO_COMMON_BLOCKS = YES;
				GCC_OPTIMIZATION_LEVEL = 0;
				GCC_PREPROCESSOR_DEFINITIONS = (
					"DEBUG=1",
					"$(inherited)",
				);
				GCC_WARN_64_TO_32_BIT_CONVERSION = YES;
				GCC_WARN_ABOUT_RETURN_TYPE = YES_ERROR;
				GCC_WARN_UNDECLARED_SELECTOR = YES;
				GCC_WARN_UNINITIALIZED_AUTOS = YES_AGGRESSIVE;
				GCC_WARN_UNUSED_FUNCTION = YES;
				GCC_WARN_UNUSED_VARIABLE = YES;
				IPHONEOS_DEPLOYMENT_TARGET = 13.4;
				MTL_ENABLE_DEBUG_INFO = INCLUDE_SOURCE;
				MTL_FAST_MATH = YES;
				ONLY_ACTIVE_ARCH = YES;
				SDKROOT = iphoneos;
				SWIFT_ACTIVE_COMPILATION_CONDITIONS = DEBUG;
				SWIFT_OPTIMIZATION_LEVEL = "-Onone";
			};
			name = Debug;
		};
		1B4322BF24669499000124F4 /* Release */ = {
			isa = XCBuildConfiguration;
			buildSettings = {
				ALWAYS_SEARCH_USER_PATHS = NO;
				CLANG_ANALYZER_NONNULL = YES;
				CLANG_ANALYZER_NUMBER_OBJECT_CONVERSION = YES_AGGRESSIVE;
				CLANG_CXX_LANGUAGE_STANDARD = "gnu++14";
				CLANG_CXX_LIBRARY = "libc++";
				CLANG_ENABLE_MODULES = YES;
				CLANG_ENABLE_OBJC_ARC = YES;
				CLANG_ENABLE_OBJC_WEAK = YES;
				CLANG_WARN_BLOCK_CAPTURE_AUTORELEASING = YES;
				CLANG_WARN_BOOL_CONVERSION = YES;
				CLANG_WARN_COMMA = YES;
				CLANG_WARN_CONSTANT_CONVERSION = YES;
				CLANG_WARN_DEPRECATED_OBJC_IMPLEMENTATIONS = YES;
				CLANG_WARN_DIRECT_OBJC_ISA_USAGE = YES_ERROR;
				CLANG_WARN_DOCUMENTATION_COMMENTS = YES;
				CLANG_WARN_EMPTY_BODY = YES;
				CLANG_WARN_ENUM_CONVERSION = YES;
				CLANG_WARN_INFINITE_RECURSION = YES;
				CLANG_WARN_INT_CONVERSION = YES;
				CLANG_WARN_NON_LITERAL_NULL_CONVERSION = YES;
				CLANG_WARN_OBJC_IMPLICIT_RETAIN_SELF = YES;
				CLANG_WARN_OBJC_LITERAL_CONVERSION = YES;
				CLANG_WARN_OBJC_ROOT_CLASS = YES_ERROR;
				CLANG_WARN_RANGE_LOOP_ANALYSIS = YES;
				CLANG_WARN_STRICT_PROTOTYPES = YES;
				CLANG_WARN_SUSPICIOUS_MOVE = YES;
				CLANG_WARN_UNGUARDED_AVAILABILITY = YES_AGGRESSIVE;
				CLANG_WARN_UNREACHABLE_CODE = YES;
				CLANG_WARN__DUPLICATE_METHOD_MATCH = YES;
				COPY_PHASE_STRIP = NO;
				DEBUG_INFORMATION_FORMAT = "dwarf-with-dsym";
				ENABLE_NS_ASSERTIONS = NO;
				ENABLE_STRICT_OBJC_MSGSEND = YES;
				GCC_C_LANGUAGE_STANDARD = gnu11;
				GCC_NO_COMMON_BLOCKS = YES;
				GCC_WARN_64_TO_32_BIT_CONVERSION = YES;
				GCC_WARN_ABOUT_RETURN_TYPE = YES_ERROR;
				GCC_WARN_UNDECLARED_SELECTOR = YES;
				GCC_WARN_UNINITIALIZED_AUTOS = YES_AGGRESSIVE;
				GCC_WARN_UNUSED_FUNCTION = YES;
				GCC_WARN_UNUSED_VARIABLE = YES;
				IPHONEOS_DEPLOYMENT_TARGET = 13.4;
				MTL_ENABLE_DEBUG_INFO = NO;
				MTL_FAST_MATH = YES;
				SDKROOT = iphoneos;
				SWIFT_COMPILATION_MODE = wholemodule;
				SWIFT_OPTIMIZATION_LEVEL = "-O";
				VALIDATE_PRODUCT = YES;
			};
			name = Release;
		};
		1B4322C124669499000124F4 /* Debug */ = {
			isa = XCBuildConfiguration;
			buildSettings = {
				ASSETCATALOG_COMPILER_APPICON_NAME = AppIcon;
				CODE_SIGN_IDENTITY = "iPhone Distribution";
				CODE_SIGN_STYLE = Manual;
				CURRENT_PROJECT_VERSION = 1.0.1;
				DEVELOPMENT_ASSET_PATHS = "\"MakaseteChoice_iOS/Preview Content\"";
				DEVELOPMENT_TEAM = 768CF2AATN;
				ENABLE_PREVIEWS = YES;
				FRAMEWORK_SEARCH_PATHS = (
					"$(inherited)",
					"$(PROJECT_DIR)/Carthage/Build/iOS",
				);
				INFOPLIST_FILE = MakaseteChoice_iOS/Info.plist;
				LD_RUNPATH_SEARCH_PATHS = (
					"$(inherited)",
					"@executable_path/Frameworks",
				);
				MARKETING_VERSION = 1.0.0;
				PRODUCT_BUNDLE_IDENTIFIER = "com.RyuseiNomi.MakaseteChoice-iOS";
				PRODUCT_NAME = "$(TARGET_NAME)";
				PROVISIONING_PROFILE_SPECIFIER = MakaseteChoice.dist;
				SWIFT_VERSION = 5.0;
				TARGETED_DEVICE_FAMILY = "1,2";
			};
			name = Debug;
		};
		1B4322C224669499000124F4 /* Release */ = {
			isa = XCBuildConfiguration;
			buildSettings = {
				ASSETCATALOG_COMPILER_APPICON_NAME = AppIcon;
				CODE_SIGN_IDENTITY = "iPhone Distribution";
				CODE_SIGN_STYLE = Manual;
				CURRENT_PROJECT_VERSION = 1.0.1;
				DEVELOPMENT_ASSET_PATHS = "\"MakaseteChoice_iOS/Preview Content\"";
				DEVELOPMENT_TEAM = 768CF2AATN;
				ENABLE_PREVIEWS = YES;
				FRAMEWORK_SEARCH_PATHS = (
					"$(inherited)",
					"$(PROJECT_DIR)/Carthage/Build/iOS",
				);
				INFOPLIST_FILE = MakaseteChoice_iOS/Info.plist;
				LD_RUNPATH_SEARCH_PATHS = (
					"$(inherited)",
					"@executable_path/Frameworks",
				);
				MARKETING_VERSION = 1.0.0;
				PRODUCT_BUNDLE_IDENTIFIER = "com.RyuseiNomi.MakaseteChoice-iOS";
				PRODUCT_NAME = "$(TARGET_NAME)";
				PROVISIONING_PROFILE_SPECIFIER = MakaseteChoice.dist;
				SWIFT_VERSION = 5.0;
				TARGETED_DEVICE_FAMILY = "1,2";
			};
			name = Release;
		};
		1B4322C424669499000124F4 /* Debug */ = {
			isa = XCBuildConfiguration;
			buildSettings = {
				ALWAYS_EMBED_SWIFT_STANDARD_LIBRARIES = YES;
				BUNDLE_LOADER = "$(TEST_HOST)";
				CODE_SIGN_STYLE = Automatic;
				DEVELOPMENT_TEAM = 768CF2AATN;
				INFOPLIST_FILE = MakaseteChoice_iOSTests/Info.plist;
				IPHONEOS_DEPLOYMENT_TARGET = 13.4;
				LD_RUNPATH_SEARCH_PATHS = (
					"$(inherited)",
					"@executable_path/Frameworks",
					"@loader_path/Frameworks",
				);
				PRODUCT_BUNDLE_IDENTIFIER = "com.RyuseiNomi.MakaseteChoice-iOSTests";
				PRODUCT_NAME = "$(TARGET_NAME)";
				SWIFT_VERSION = 5.0;
				TARGETED_DEVICE_FAMILY = "1,2";
				TEST_HOST = "$(BUILT_PRODUCTS_DIR)/MakaseteChoice_iOS.app/MakaseteChoice_iOS";
			};
			name = Debug;
		};
		1B4322C524669499000124F4 /* Release */ = {
			isa = XCBuildConfiguration;
			buildSettings = {
				ALWAYS_EMBED_SWIFT_STANDARD_LIBRARIES = YES;
				BUNDLE_LOADER = "$(TEST_HOST)";
				CODE_SIGN_STYLE = Automatic;
				DEVELOPMENT_TEAM = 768CF2AATN;
				INFOPLIST_FILE = MakaseteChoice_iOSTests/Info.plist;
				IPHONEOS_DEPLOYMENT_TARGET = 13.4;
				LD_RUNPATH_SEARCH_PATHS = (
					"$(inherited)",
					"@executable_path/Frameworks",
					"@loader_path/Frameworks",
				);
				PRODUCT_BUNDLE_IDENTIFIER = "com.RyuseiNomi.MakaseteChoice-iOSTests";
				PRODUCT_NAME = "$(TARGET_NAME)";
				SWIFT_VERSION = 5.0;
				TARGETED_DEVICE_FAMILY = "1,2";
				TEST_HOST = "$(BUILT_PRODUCTS_DIR)/MakaseteChoice_iOS.app/MakaseteChoice_iOS";
			};
			name = Release;
		};
		1B4322C724669499000124F4 /* Debug */ = {
			isa = XCBuildConfiguration;
			buildSettings = {
				ALWAYS_EMBED_SWIFT_STANDARD_LIBRARIES = YES;
				CODE_SIGN_STYLE = Automatic;
				DEVELOPMENT_TEAM = 768CF2AATN;
				INFOPLIST_FILE = MakaseteChoice_iOSUITests/Info.plist;
				LD_RUNPATH_SEARCH_PATHS = (
					"$(inherited)",
					"@executable_path/Frameworks",
					"@loader_path/Frameworks",
				);
				PRODUCT_BUNDLE_IDENTIFIER = "com.RyuseiNomi.MakaseteChoice-iOSUITests";
				PRODUCT_NAME = "$(TARGET_NAME)";
				SWIFT_VERSION = 5.0;
				TARGETED_DEVICE_FAMILY = "1,2";
				TEST_TARGET_NAME = MakaseteChoice_iOS;
			};
			name = Debug;
		};
		1B4322C824669499000124F4 /* Release */ = {
			isa = XCBuildConfiguration;
			buildSettings = {
				ALWAYS_EMBED_SWIFT_STANDARD_LIBRARIES = YES;
				CODE_SIGN_STYLE = Automatic;
				DEVELOPMENT_TEAM = 768CF2AATN;
				INFOPLIST_FILE = MakaseteChoice_iOSUITests/Info.plist;
				LD_RUNPATH_SEARCH_PATHS = (
					"$(inherited)",
					"@executable_path/Frameworks",
					"@loader_path/Frameworks",
				);
				PRODUCT_BUNDLE_IDENTIFIER = "com.RyuseiNomi.MakaseteChoice-iOSUITests";
				PRODUCT_NAME = "$(TARGET_NAME)";
				SWIFT_VERSION = 5.0;
				TARGETED_DEVICE_FAMILY = "1,2";
				TEST_TARGET_NAME = MakaseteChoice_iOS;
			};
			name = Release;
		};
/* End XCBuildConfiguration section */

/* Begin XCConfigurationList section */
		1B43229124669499000124F4 /* Build configuration list for PBXProject "MakaseteChoice_iOS" */ = {
			isa = XCConfigurationList;
			buildConfigurations = (
				1B4322BE24669499000124F4 /* Debug */,
				1B4322BF24669499000124F4 /* Release */,
			);
			defaultConfigurationIsVisible = 0;
			defaultConfigurationName = Release;
		};
		1B4322C024669499000124F4 /* Build configuration list for PBXNativeTarget "MakaseteChoice_iOS" */ = {
			isa = XCConfigurationList;
			buildConfigurations = (
				1B4322C124669499000124F4 /* Debug */,
				1B4322C224669499000124F4 /* Release */,
			);
			defaultConfigurationIsVisible = 0;
			defaultConfigurationName = Release;
		};
		1B4322C324669499000124F4 /* Build configuration list for PBXNativeTarget "MakaseteChoice_iOSTests" */ = {
			isa = XCConfigurationList;
			buildConfigurations = (
				1B4322C424669499000124F4 /* Debug */,
				1B4322C524669499000124F4 /* Release */,
			);
			defaultConfigurationIsVisible = 0;
			defaultConfigurationName = Release;
		};
		1B4322C624669499000124F4 /* Build configuration list for PBXNativeTarget "MakaseteChoice_iOSUITests" */ = {
			isa = XCConfigurationList;
			buildConfigurations = (
				1B4322C724669499000124F4 /* Debug */,
				1B4322C824669499000124F4 /* Release */,
			);
			defaultConfigurationIsVisible = 0;
			defaultConfigurationName = Release;
		};
/* End XCConfigurationList section */

/* Begin XCRemoteSwiftPackageReference section */
		1B4322E22466C45B000124F4 /* XCRemoteSwiftPackageReference "QGrid" */ = {
			isa = XCRemoteSwiftPackageReference;
			repositoryURL = "https://github.com/Q-Mobile/QGrid.git";
			requirement = {
				kind = upToNextMajorVersion;
				minimumVersion = 0.1.4;
			};
		};
		1B4322F1246985AB000124F4 /* XCRemoteSwiftPackageReference "KeyboardObserving" */ = {
			isa = XCRemoteSwiftPackageReference;
			repositoryURL = "https://github.com/nickffox/KeyboardObserving.git";
			requirement = {
				kind = upToNextMajorVersion;
				minimumVersion = 0.3.0;
			};
		};
/* End XCRemoteSwiftPackageReference section */

/* Begin XCSwiftPackageProductDependency section */
		1B4322E32466C45B000124F4 /* QGrid */ = {
			isa = XCSwiftPackageProductDependency;
			package = 1B4322E22466C45B000124F4 /* XCRemoteSwiftPackageReference "QGrid" */;
			productName = QGrid;
		};
		1B4322F2246985AB000124F4 /* KeyboardObserving */ = {
			isa = XCSwiftPackageProductDependency;
			package = 1B4322F1246985AB000124F4 /* XCRemoteSwiftPackageReference "KeyboardObserving" */;
			productName = KeyboardObserving;
		};
/* End XCSwiftPackageProductDependency section */
	};
	rootObject = 1B43228E24669499000124F4 /* Project object */;
}
